// !$*UTF8*$!
{
	archiveVersion = 1;
	classes = {
	};
	objectVersion = 50;
	objects = {

/* Begin PBXBuildFile section */
		C4659FF123E47E280035C500 /* AppDelegate.swift in Sources */ = {isa = PBXBuildFile; fileRef = C4659FF023E47E280035C500 /* AppDelegate.swift */; };
		C4659FF323E47E280035C500 /* SceneDelegate.swift in Sources */ = {isa = PBXBuildFile; fileRef = C4659FF223E47E280035C500 /* SceneDelegate.swift */; };
		C4659FFA23E47E2D0035C500 /* Assets.xcassets in Resources */ = {isa = PBXBuildFile; fileRef = C4659FF923E47E2D0035C500 /* Assets.xcassets */; };
		C4659FFD23E47E2D0035C500 /* LaunchScreen.storyboard in Resources */ = {isa = PBXBuildFile; fileRef = C4659FFB23E47E2D0035C500 /* LaunchScreen.storyboard */; };
		C465A00523E47FD30035C500 /* AnimationsTabController.swift in Sources */ = {isa = PBXBuildFile; fileRef = C465A00423E47FD30035C500 /* AnimationsTabController.swift */; };
		C465A00723E4807A0035C500 /* SampleAnimationsController.swift in Sources */ = {isa = PBXBuildFile; fileRef = C465A00623E4807A0035C500 /* SampleAnimationsController.swift */; };
		C465A00923E480AA0035C500 /* ConstraintsAnimationController.swift in Sources */ = {isa = PBXBuildFile; fileRef = C465A00823E480AA0035C500 /* ConstraintsAnimationController.swift */; };
/* End PBXBuildFile section */

/* Begin PBXFileReference section */
		C4659FED23E47E280035C500 /* UIKit-Animations.app */ = {isa = PBXFileReference; explicitFileType = wrapper.application; includeInIndex = 0; path = "UIKit-Animations.app"; sourceTree = BUILT_PRODUCTS_DIR; };
		C4659FF023E47E280035C500 /* AppDelegate.swift */ = {isa = PBXFileReference; lastKnownFileType = sourcecode.swift; path = AppDelegate.swift; sourceTree = "<group>"; };
		C4659FF223E47E280035C500 /* SceneDelegate.swift */ = {isa = PBXFileReference; lastKnownFileType = sourcecode.swift; path = SceneDelegate.swift; sourceTree = "<group>"; };
		C4659FF923E47E2D0035C500 /* Assets.xcassets */ = {isa = PBXFileReference; lastKnownFileType = folder.assetcatalog; path = Assets.xcassets; sourceTree = "<group>"; };
		C4659FFC23E47E2D0035C500 /* Base */ = {isa = PBXFileReference; lastKnownFileType = file.storyboard; name = Base; path = Base.lproj/LaunchScreen.storyboard; sourceTree = "<group>"; };
		C4659FFE23E47E2D0035C500 /* Info.plist */ = {isa = PBXFileReference; lastKnownFileType = text.plist.xml; path = Info.plist; sourceTree = "<group>"; };
		C465A00423E47FD30035C500 /* AnimationsTabController.swift */ = {isa = PBXFileReference; lastKnownFileType = sourcecode.swift; path = AnimationsTabController.swift; sourceTree = "<group>"; };
		C465A00623E4807A0035C500 /* SampleAnimationsController.swift */ = {isa = PBXFileReference; lastKnownFileType = sourcecode.swift; path = SampleAnimationsController.swift; sourceTree = "<group>"; };
		C465A00823E480AA0035C500 /* ConstraintsAnimationController.swift */ = {isa = PBXFileReference; lastKnownFileType = sourcecode.swift; path = ConstraintsAnimationController.swift; sourceTree = "<group>"; };
/* End PBXFileReference section */

/* Begin PBXFrameworksBuildPhase section */
		C4659FEA23E47E280035C500 /* Frameworks */ = {
			isa = PBXFrameworksBuildPhase;
			buildActionMask = 2147483647;
			files = (
			);
			runOnlyForDeploymentPostprocessing = 0;
		};
/* End PBXFrameworksBuildPhase section */

/* Begin PBXGroup section */
		C4659FE423E47E280035C500 = {
			isa = PBXGroup;
			children = (
				C4659FEF23E47E280035C500 /* UIKit-Animations */,
				C4659FEE23E47E280035C500 /* Products */,
			);
			sourceTree = "<group>";
		};
		C4659FEE23E47E280035C500 /* Products */ = {
			isa = PBXGroup;
			children = (
				C4659FED23E47E280035C500 /* UIKit-Animations.app */,
			);
			name = Products;
			sourceTree = "<group>";
		};
		C4659FEF23E47E280035C500 /* UIKit-Animations */ = {
			isa = PBXGroup;
			children = (
				C4659FF023E47E280035C500 /* AppDelegate.swift */,
				C4659FF223E47E280035C500 /* SceneDelegate.swift */,
				C4659FF923E47E2D0035C500 /* Assets.xcassets */,
				C4659FFB23E47E2D0035C500 /* LaunchScreen.storyboard */,
				C4659FFE23E47E2D0035C500 /* Info.plist */,
				C465A00423E47FD30035C500 /* AnimationsTabController.swift */,
				C465A00623E4807A0035C500 /* SampleAnimationsController.swift */,
				C465A00823E480AA0035C500 /* ConstraintsAnimationController.swift */,
			);
			path = "UIKit-Animations";
			sourceTree = "<group>";
		};
/* End PBXGroup section */

/* Begin PBXNativeTarget section */
		C4659FEC23E47E280035C500 /* UIKit-Animations */ = {
			isa = PBXNativeTarget;
			buildConfigurationList = C465A00123E47E2D0035C500 /* Build configuration list for PBXNativeTarget "UIKit-Animations" */;
			buildPhases = (
				C4659FE923E47E280035C500 /* Sources */,
				C4659FEA23E47E280035C500 /* Frameworks */,
				C4659FEB23E47E280035C500 /* Resources */,
			);
			buildRules = (
			);
			dependencies = (
			);
			name = "UIKit-Animations";
			productName = "UIKit-Animations";
			productReference = C4659FED23E47E280035C500 /* UIKit-Animations.app */;
			productType = "com.apple.product-type.application";
		};
/* End PBXNativeTarget section */

/* Begin PBXProject section */
		C4659FE523E47E280035C500 /* Project object */ = {
			isa = PBXProject;
			attributes = {
				LastSwiftUpdateCheck = 1130;
				LastUpgradeCheck = 1130;
				ORGANIZATIONNAME = "Cameron Rivera";
				TargetAttributes = {
					C4659FEC23E47E280035C500 = {
						CreatedOnToolsVersion = 11.3.1;
					};
				};
			};
			buildConfigurationList = C4659FE823E47E280035C500 /* Build configuration list for PBXProject "UIKit-Animations" */;
			compatibilityVersion = "Xcode 9.3";
			developmentRegion = en;
			hasScannedForEncodings = 0;
			knownRegions = (
				en,
				Base,
			);
			mainGroup = C4659FE423E47E280035C500;
			productRefGroup = C4659FEE23E47E280035C500 /* Products */;
			projectDirPath = "";
			projectRoot = "";
			targets = (
				C4659FEC23E47E280035C500 /* UIKit-Animations */,
			);
		};
/* End PBXProject section */

/* Begin PBXResourcesBuildPhase section */
		C4659FEB23E47E280035C500 /* Resources */ = {
			isa = PBXResourcesBuildPhase;
			buildActionMask = 2147483647;
			files = (
				C4659FFD23E47E2D0035C500 /* LaunchScreen.storyboard in Resources */,
				C4659FFA23E47E2D0035C500 /* Assets.xcassets in Resources */,
			);
			runOnlyForDeploymentPostprocessing = 0;
		};
/* End PBXResourcesBuildPhase section */

/* Begin PBXSourcesBuildPhase section */
		C4659FE923E47E280035C500 /* Sources */ = {
			isa = PBXSourcesBuildPhase;
			buildActionMask = 2147483647;
			files = (
				C465A00723E4807A0035C500 /* SampleAnimationsController.swift in Sources */,
				C4659FF123E47E280035C500 /* AppDelegate.swift in Sources */,
				C465A00523E47FD30035C500 /* AnimationsTabController.swift in Sources */,
				C4659FF323E47E280035C500 /* SceneDelegate.swift in Sources */,
				C465A00923E480AA0035C500 /* ConstraintsAnimationController.swift in Sources */,
			);
			runOnlyForDeploymentPostprocessing = 0;
		};
/* End PBXSourcesBuildPhase section */

/* Begin PBXVariantGroup section */
		C4659FFB23E47E2D0035C500 /* LaunchScreen.storyboard */ = {
			isa = PBXVariantGroup;
			children = (
				C4659FFC23E47E2D0035C500 /* Base */,
			);
			name = LaunchScreen.storyboard;
			sourceTree = "<group>";
		};
/* End PBXVariantGroup section */

/* Begin XCBuildConfiguration section */
		C4659FFF23E47E2D0035C500 /* Debug */ = {
			isa = XCBuildConfiguration;
			buildSettings = {
				ALWAYS_SEARCH_USER_PATHS = NO;
				CLANG_ANALYZER_NONNULL = YES;
				CLANG_ANALYZER_NUMBER_OBJECT_CONVERSION = YES_AGGRESSIVE;
				CLANG_CXX_LANGUAGE_STANDARD = "gnu++14";
				CLANG_CXX_LIBRARY = "libc++";
				CLANG_ENABLE_MODULES = YES;
				CLANG_ENABLE_OBJC_ARC = YES;
				CLANG_ENABLE_OBJC_WEAK = YES;
				CLANG_WARN_BLOCK_CAPTURE_AUTORELEASING = YES;
				CLANG_WARN_BOOL_CONVERSION = YES;
				CLANG_WARN_COMMA = YES;
				CLANG_WARN_CONSTANT_CONVERSION = YES;
				CLANG_WARN_DEPRECATED_OBJC_IMPLEMENTATIONS = YES;
				CLANG_WARN_DIRECT_OBJC_ISA_USAGE = YES_ERROR;
				CLANG_WARN_DOCUMENTATION_COMMENTS = YES;
				CLANG_WARN_EMPTY_BODY = YES;
				CLANG_WARN_ENUM_CONVERSION = YES;
				CLANG_WARN_INFINITE_RECURSION = YES;
				CLANG_WARN_INT_CONVERSION = YES;
				CLANG_WARN_NON_LITERAL_NULL_CONVERSION = YES;
				CLANG_WARN_OBJC_IMPLICIT_RETAIN_SELF = YES;
				CLANG_WARN_OBJC_LITERAL_CONVERSION = YES;
				CLANG_WARN_OBJC_ROOT_CLASS = YES_ERROR;
				CLANG_WARN_RANGE_LOOP_ANALYSIS = YES;
				CLANG_WARN_STRICT_PROTOTYPES = YES;
				CLANG_WARN_SUSPICIOUS_MOVE = YES;
				CLANG_WARN_UNGUARDED_AVAILABILITY = YES_AGGRESSIVE;
				CLANG_WARN_UNREACHABLE_CODE = YES;
				CLANG_WARN__DUPLICATE_METHOD_MATCH = YES;
				COPY_PHASE_STRIP = NO;
				DEBUG_INFORMATION_FORMAT = dwarf;
				ENABLE_STRICT_OBJC_MSGSEND = YES;
				ENABLE_TESTABILITY = YES;
				GCC_C_LANGUAGE_STANDARD = gnu11;
				GCC_DYNAMIC_NO_PIC = NO;
				GCC_NO_COMMON_BLOCKS = YES;
				GCC_OPTIMIZATION_LEVEL = 0;
				GCC_PREPROCESSOR_DEFINITIONS = (
					"DEBUG=1",
					"$(inherited)",
				);
				GCC_WARN_64_TO_32_BIT_CONVERSION = YES;
				GCC_WARN_ABOUT_RETURN_TYPE = YES_ERROR;
				GCC_WARN_UNDECLARED_SELECTOR = YES;
				GCC_WARN_UNINITIALIZED_AUTOS = YES_AGGRESSIVE;
				GCC_WARN_UNUSED_FUNCTION = YES;
				GCC_WARN_UNUSED_VARIABLE = YES;
				IPHONEOS_DEPLOYMENT_TARGET = 13.2;
				MTL_ENABLE_DEBUG_INFO = INCLUDE_SOURCE;
				MTL_FAST_MATH = YES;
				ONLY_ACTIVE_ARCH = YES;
				SDKROOT = iphoneos;
				SWIFT_ACTIVE_COMPILATION_CONDITIONS = DEBUG;
				SWIFT_OPTIMIZATION_LEVEL = "-Onone";
			};
			name = Debug;
		};
		C465A00023E47E2D0035C500 /* Release */ = {
			isa = XCBuildConfiguration;
			buildSettings = {
				ALWAYS_SEARCH_USER_PATHS = NO;
				CLANG_ANALYZER_NONNULL = YES;
				CLANG_ANALYZER_NUMBER_OBJECT_CONVERSION = YES_AGGRESSIVE;
				CLANG_CXX_LANGUAGE_STANDARD = "gnu++14";
				CLANG_CXX_LIBRARY = "libc++";
				CLANG_ENABLE_MODULES = YES;
				CLANG_ENABLE_OBJC_ARC = YES;
				CLANG_ENABLE_OBJC_WEAK = YES;
				CLANG_WARN_BLOCK_CAPTURE_AUTORELEASING = YES;
				CLANG_WARN_BOOL_CONVERSION = YES;
				CLANG_WARN_COMMA = YES;
				CLANG_WARN_CONSTANT_CONVERSION = YES;
				CLANG_WARN_DEPRECATED_OBJC_IMPLEMENTATIONS = YES;
				CLANG_WARN_DIRECT_OBJC_ISA_USAGE = YES_ERROR;
				CLANG_WARN_DOCUMENTATION_COMMENTS = YES;
				CLANG_WARN_EMPTY_BODY = YES;
				CLANG_WARN_ENUM_CONVERSION = YES;
				CLANG_WARN_INFINITE_RECURSION = YES;
				CLANG_WARN_INT_CONVERSION = YES;
				CLANG_WARN_NON_LITERAL_NULL_CONVERSION = YES;
				CLANG_WARN_OBJC_IMPLICIT_RETAIN_SELF = YES;
				CLANG_WARN_OBJC_LITERAL_CONVERSION = YES;
				CLANG_WARN_OBJC_ROOT_CLASS = YES_ERROR;
				CLANG_WARN_RANGE_LOOP_ANALYSIS = YES;
				CLANG_WARN_STRICT_PROTOTYPES = YES;
				CLANG_WARN_SUSPICIOUS_MOVE = YES;
				CLANG_WARN_UNGUARDED_AVAILABILITY = YES_AGGRESSIVE;
				CLANG_WARN_UNREACHABLE_CODE = YES;
				CLANG_WARN__DUPLICATE_METHOD_MATCH = YES;
				COPY_PHASE_STRIP = NO;
				DEBUG_INFORMATION_FORMAT = "dwarf-with-dsym";
				ENABLE_NS_ASSERTIONS = NO;
				ENABLE_STRICT_OBJC_MSGSEND = YES;
				GCC_C_LANGUAGE_STANDARD = gnu11;
				GCC_NO_COMMON_BLOCKS = YES;
				GCC_WARN_64_TO_32_BIT_CONVERSION = YES;
				GCC_WARN_ABOUT_RETURN_TYPE = YES_ERROR;
				GCC_WARN_UNDECLARED_SELECTOR = YES;
				GCC_WARN_UNINITIALIZED_AUTOS = YES_AGGRESSIVE;
				GCC_WARN_UNUSED_FUNCTION = YES;
				GCC_WARN_UNUSED_VARIABLE = YES;
				IPHONEOS_DEPLOYMENT_TARGET = 13.2;
				MTL_ENABLE_DEBUG_INFO = NO;
				MTL_FAST_MATH = YES;
				SDKROOT = iphoneos;
				SWIFT_COMPILATION_MODE = wholemodule;
				SWIFT_OPTIMIZATION_LEVEL = "-O";
				VALIDATE_PRODUCT = YES;
			};
			name = Release;
		};
		C465A00223E47E2D0035C500 /* Debug */ = {
			isa = XCBuildConfiguration;
			buildSettings = {
				ASSETCATALOG_COMPILER_APPICON_NAME = AppIcon;
				CODE_SIGN_STYLE = Automatic;
				DEVELOPMENT_TEAM = 6D2PJ2UC46;
				INFOPLIST_FILE = "UIKit-Animations/Info.plist";
				LD_RUNPATH_SEARCH_PATHS = (
					"$(inherited)",
					"@executable_path/Frameworks",
				);
				PRODUCT_BUNDLE_IDENTIFIER = "com.cameronrivera.UIKit-Animations";
				PRODUCT_NAME = "$(TARGET_NAME)";
				SWIFT_VERSION = 5.0;
				TARGETED_DEVICE_FAMILY = "1,2";
			};
			name = Debug;
		};
		C465A00323E47E2D0035C500 /* Release */ = {
			isa = XCBuildConfiguration;
			buildSettings = {
				ASSETCATALOG_COMPILER_APPICON_NAME = AppIcon;
				CODE_SIGN_STYLE = Automatic;
				DEVELOPMENT_TEAM = 6D2PJ2UC46;
				INFOPLIST_FILE = "UIKit-Animations/Info.plist";
				LD_RUNPATH_SEARCH_PATHS = (
					"$(inherited)",
					"@executable_path/Frameworks",
				);
				PRODUCT_BUNDLE_IDENTIFIER = "com.cameronrivera.UIKit-Animations";
				PRODUCT_NAME = "$(TARGET_NAME)";
				SWIFT_VERSION = 5.0;
				TARGETED_DEVICE_FAMILY = "1,2";
			};
			name = Release;
		};
/* End XCBuildConfiguration section */

/* Begin XCConfigurationList section */
		C4659FE823E47E280035C500 /* Build configuration list for PBXProject "UIKit-Animations" */ = {
			isa = XCConfigurationList;
			buildConfigurations = (
				C4659FFF23E47E2D0035C500 /* Debug */,
				C465A00023E47E2D0035C500 /* Release */,
			);
			defaultConfigurationIsVisible = 0;
			defaultConfigurationName = Release;
		};
		C465A00123E47E2D0035C500 /* Build configuration list for PBXNativeTarget "UIKit-Animations" */ = {
			isa = XCConfigurationList;
			buildConfigurations = (
				C465A00223E47E2D0035C500 /* Debug */,
				C465A00323E47E2D0035C500 /* Release */,
			);
			defaultConfigurationIsVisible = 0;
			defaultConfigurationName = Release;
		};
/* End XCConfigurationList section */
	};
	rootObject = C4659FE523E47E280035C500 /* Project object */;
}
